
Microsoft Visual Studio Solution File, Format Version 12.00
# Visual Studio Version 16
VisualStudioVersion = 16.0.30503.244
MinimumVisualStudioVersion = 10.0.40219.1
Project("{FAE04EC0-301F-11D3-BF4B-00C04F79EFBC}") = "PartA", "PartA\PartA.csproj", "{3AA0FF75-1345-4A56-9612-3B804A26D88C}"
EndProject
Project("{FAE04EC0-301F-11D3-BF4B-00C04F79EFBC}") = "Part2", "Part2\Part2.csproj", "{78454116-AFE1-451A-877D-A7407DDB9A63}"
EndProject
Global
	GlobalSection(SolutionConfigurationPlatforms) = preSolution
		Debug|Any CPU = Debug|Any CPU
		Release|Any CPU = Release|Any CPU
	EndGlobalSection
	GlobalSection(ProjectConfigurationPlatforms) = postSolution
		{3AA0FF75-1345-4A56-9612-3B804A26D88C}.Debug|Any CPU.ActiveCfg = Debug|Any CPU
		{3AA0FF75-1345-4A56-9612-3B804A26D88C}.Debug|Any CPU.Build.0 = Debug|Any CPU
		{3AA0FF75-1345-4A56-9612-3B804A26D88C}.Release|Any CPU.ActiveCfg = Release|Any CPU
		{3AA0FF75-1345-4A56-9612-3B804A26D88C}.Release|Any CPU.Build.0 = Release|Any CPU
		{78454116-AFE1-451A-877D-A7407DDB9A63}.Debug|Any CPU.ActiveCfg = Debug|Any CPU
		{78454116-AFE1-451A-877D-A7407DDB9A63}.Debug|Any CPU.Build.0 = Debug|Any CPU
		{78454116-AFE1-451A-877D-A7407DDB9A63}.Release|Any CPU.ActiveCfg = Release|Any CPU
		{78454116-AFE1-451A-877D-A7407DDB9A63}.Release|Any CPU.Build.0 = Release|Any CPU
	EndGlobalSection
	GlobalSection(SolutionProperties) = preSolution
		HideSolutionNode = FALSE
	EndGlobalSection
	GlobalSection(ExtensibilityGlobals) = postSolution
		SolutionGuid = {92C4807C-E1EF-488C-A7FA-91CD8430DDBD}
	EndGlobalSection
EndGlobal
